langcode: en
status: true
dependencies:
  config:
    - field.storage.paragraph.w3css_content_custom_block
    - paragraphs.paragraphs_type.w3css_custom_block
id: paragraph.w3css_custom_block.w3css_content_custom_block
field_name: w3css_content_custom_block
entity_type: paragraph
bundle: w3css_custom_block
label: 'Custom Block'
description: ''
required: false
translatable: false
default_value: {  }
default_value_callback: ''
settings:
  handler: 'default:block_content'
  handler_settings: {  }
field_type: entity_reference
